
Microsoft Visual Studio Solution File, Format Version 12.00
# Visual Studio 2012
Project("{FAE04EC0-301F-11D3-BF4B-00C04F79EFBC}") = "SitemapXMLFilterService", "SitemapXMLFilterService\SitemapXMLFilterService.csproj", "{C8733F85-F5F1-4E20-A4F8-B77CB5855344}"
EndProject
Global
	GlobalSection(TeamFoundationVersionControl) = preSolution
		SccNumberOfProjects = 2
		SccEnterpriseProvider = {4CA58AB2-18FA-4F8D-95D4-32DDF27D184C}
		SccTeamFoundationServer = http://tower:8080/tfs/sdsource
		SccLocalPath0 = .
		SccProjectUniqueName1 = SitemapXMLFilterService\\SitemapXMLFilterService.csproj
		SccProjectName1 = SitemapXMLFilterService
		SccLocalPath1 = SitemapXMLFilterService
	EndGlobalSection
	GlobalSection(SolutionConfigurationPlatforms) = preSolution
		Debug|Any CPU = Debug|Any CPU
		Release|Any CPU = Release|Any CPU
	EndGlobalSection
	GlobalSection(ProjectConfigurationPlatforms) = postSolution
		{C8733F85-F5F1-4E20-A4F8-B77CB5855344}.Debug|Any CPU.ActiveCfg = Debug|Any CPU
		{C8733F85-F5F1-4E20-A4F8-B77CB5855344}.Debug|Any CPU.Build.0 = Debug|Any CPU
		{C8733F85-F5F1-4E20-A4F8-B77CB5855344}.Release|Any CPU.ActiveCfg = Release|Any CPU
		{C8733F85-F5F1-4E20-A4F8-B77CB5855344}.Release|Any CPU.Build.0 = Release|Any CPU
	EndGlobalSection
	GlobalSection(SolutionProperties) = preSolution
		HideSolutionNode = FALSE
	EndGlobalSection
EndGlobal
